
Microsoft Visual Studio Solution File, Format Version 12.00
# Visual Studio Version 17
VisualStudioVersion = 17.2.32602.215
MinimumVisualStudioVersion = 10.0.40219.1
Project("{FAE04EC0-301F-11D3-BF4B-00C04F79EFBC}") = "bataillenavaleV1", "bataillenavaleV1\bataillenavaleV1.csproj", "{569389E8-AA3B-4622-AD42-35F43C261520}"
EndProject
Global
	GlobalSection(SolutionConfigurationPlatforms) = preSolution
		Debug|Any CPU = Debug|Any CPU
		Release|Any CPU = Release|Any CPU
	EndGlobalSection
	GlobalSection(ProjectConfigurationPlatforms) = postSolution
		{569389E8-AA3B-4622-AD42-35F43C261520}.Debug|Any CPU.ActiveCfg = Debug|Any CPU
		{569389E8-AA3B-4622-AD42-35F43C261520}.Debug|Any CPU.Build.0 = Debug|Any CPU
		{569389E8-AA3B-4622-AD42-35F43C261520}.Release|Any CPU.ActiveCfg = Release|Any CPU
		{569389E8-AA3B-4622-AD42-35F43C261520}.Release|Any CPU.Build.0 = Release|Any CPU
	EndGlobalSection
	GlobalSection(SolutionProperties) = preSolution
		HideSolutionNode = FALSE
	EndGlobalSection
	GlobalSection(ExtensibilityGlobals) = postSolution
		SolutionGuid = {EBE7BC52-6C20-4E09-8DCC-5A7F27C46380}
	EndGlobalSection
EndGlobal
